
Microsoft Visual Studio Solution File, Format Version 12.00
# Visual Studio Version 17
VisualStudioVersion = 17.9.34616.47
MinimumVisualStudioVersion = 10.0.40219.1
Project("{FAE04EC0-301F-11D3-BF4B-00C04F79EFBC}") = "gestor-pokemon-web", "gestor-pokemon-web\gestor-pokemon-web.csproj", "{45E2FC8C-F3B9-4D69-B8DC-B4282CFEB414}"
EndProject
Project("{FAE04EC0-301F-11D3-BF4B-00C04F79EFBC}") = "dominio", "..\unid5_db_conex\gestor-pokemons-winform\dominio\dominio.csproj", "{81A3C10C-47F0-4EEB-934A-12380D4B3D17}"
EndProject
Project("{FAE04EC0-301F-11D3-BF4B-00C04F79EFBC}") = "negocio", "..\unid5_db_conex\gestor-pokemons-winform\negocio\negocio.csproj", "{4A389C1C-80DE-454D-9904-116E83F5CACA}"
EndProject
Global
	GlobalSection(SolutionConfigurationPlatforms) = preSolution
		Debug|Any CPU = Debug|Any CPU
		Release|Any CPU = Release|Any CPU
	EndGlobalSection
	GlobalSection(ProjectConfigurationPlatforms) = postSolution
		{45E2FC8C-F3B9-4D69-B8DC-B4282CFEB414}.Debug|Any CPU.ActiveCfg = Debug|Any CPU
		{45E2FC8C-F3B9-4D69-B8DC-B4282CFEB414}.Debug|Any CPU.Build.0 = Debug|Any CPU
		{45E2FC8C-F3B9-4D69-B8DC-B4282CFEB414}.Release|Any CPU.ActiveCfg = Release|Any CPU
		{45E2FC8C-F3B9-4D69-B8DC-B4282CFEB414}.Release|Any CPU.Build.0 = Release|Any CPU
		{81A3C10C-47F0-4EEB-934A-12380D4B3D17}.Debug|Any CPU.ActiveCfg = Debug|Any CPU
		{81A3C10C-47F0-4EEB-934A-12380D4B3D17}.Debug|Any CPU.Build.0 = Debug|Any CPU
		{81A3C10C-47F0-4EEB-934A-12380D4B3D17}.Release|Any CPU.ActiveCfg = Release|Any CPU
		{81A3C10C-47F0-4EEB-934A-12380D4B3D17}.Release|Any CPU.Build.0 = Release|Any CPU
		{4A389C1C-80DE-454D-9904-116E83F5CACA}.Debug|Any CPU.ActiveCfg = Debug|Any CPU
		{4A389C1C-80DE-454D-9904-116E83F5CACA}.Debug|Any CPU.Build.0 = Debug|Any CPU
		{4A389C1C-80DE-454D-9904-116E83F5CACA}.Release|Any CPU.ActiveCfg = Release|Any CPU
		{4A389C1C-80DE-454D-9904-116E83F5CACA}.Release|Any CPU.Build.0 = Release|Any CPU
	EndGlobalSection
	GlobalSection(SolutionProperties) = preSolution
		HideSolutionNode = FALSE
	EndGlobalSection
	GlobalSection(ExtensibilityGlobals) = postSolution
		SolutionGuid = {75314FCA-671C-4DD2-BC13-053EF5CF06B6}
	EndGlobalSection
EndGlobal
